// !$*UTF8*$!
{
	archiveVersion = 1;
	classes = {
	};
	objectVersion = 50;
	objects = {

/* Begin PBXBuildFile section */
		180F668A225F4F3E00BCFA65 /* AppDelegate.swift in Sources */ = {isa = PBXBuildFile; fileRef = 180F6689225F4F3E00BCFA65 /* AppDelegate.swift */; };
		180F668C225F4F3E00BCFA65 /* ViewController.swift in Sources */ = {isa = PBXBuildFile; fileRef = 180F668B225F4F3E00BCFA65 /* ViewController.swift */; };
		180F668F225F4F3E00BCFA65 /* Main.storyboard in Resources */ = {isa = PBXBuildFile; fileRef = 180F668D225F4F3E00BCFA65 /* Main.storyboard */; };
		180F6691225F4F4000BCFA65 /* Assets.xcassets in Resources */ = {isa = PBXBuildFile; fileRef = 180F6690225F4F4000BCFA65 /* Assets.xcassets */; };
		180F6694225F4F4000BCFA65 /* LaunchScreen.storyboard in Resources */ = {isa = PBXBuildFile; fileRef = 180F6692225F4F4000BCFA65 /* LaunchScreen.storyboard */; };
		180F669C2260A96F00BCFA65 /* SongViewController.swift in Sources */ = {isa = PBXBuildFile; fileRef = 180F669B2260A96F00BCFA65 /* SongViewController.swift */; };
		18109AE3226202320029516D /* MusicTableViewCell.swift in Sources */ = {isa = PBXBuildFile; fileRef = 18109AE2226202320029516D /* MusicTableViewCell.swift */; };
		18109AE52262039E0029516D /* App.swift in Sources */ = {isa = PBXBuildFile; fileRef = 18109AE42262039E0029516D /* App.swift */; };
		18109AE7226205B30029516D /* NetworkProcessor.swift in Sources */ = {isa = PBXBuildFile; fileRef = 18109AE6226205B30029516D /* NetworkProcessor.swift */; };
		18109AE92262061C0029516D /* AppStoreEndpoint.swift in Sources */ = {isa = PBXBuildFile; fileRef = 18109AE82262061C0029516D /* AppStoreEndpoint.swift */; };
		18109AEB2262065A0029516D /* AppStoreClient.swift in Sources */ = {isa = PBXBuildFile; fileRef = 18109AEA2262065A0029516D /* AppStoreClient.swift */; };
		181DD1FC2265DA570099B4EA /* HalfModelPresentationController.swift in Sources */ = {isa = PBXBuildFile; fileRef = 181DD1FB2265DA570099B4EA /* HalfModelPresentationController.swift */; };
		1827E64D2267185300E15334 /* HalfModalInteractiveTransition.swift in Sources */ = {isa = PBXBuildFile; fileRef = 1827E64C2267185300E15334 /* HalfModalInteractiveTransition.swift */; };
		1827E64F2267187000E15334 /* HalfModalTransitionAnimator.swift in Sources */ = {isa = PBXBuildFile; fileRef = 1827E64E2267187000E15334 /* HalfModalTransitionAnimator.swift */; };
		1827E6512267188E00E15334 /* HalfModalTransitioningDelegate.swift in Sources */ = {isa = PBXBuildFile; fileRef = 1827E6502267188E00E15334 /* HalfModalTransitioningDelegate.swift */; };
		1846DB1C2266B78E001C0785 /* DynamicValue.swift in Sources */ = {isa = PBXBuildFile; fileRef = 1846DB1B2266B78E001C0785 /* DynamicValue.swift */; };
		1846DB1F2266B997001C0785 /* SongDataSource.swift in Sources */ = {isa = PBXBuildFile; fileRef = 1846DB1E2266B997001C0785 /* SongDataSource.swift */; };
		1846DB212266BB55001C0785 /* SongViewModel.swift in Sources */ = {isa = PBXBuildFile; fileRef = 1846DB202266BB55001C0785 /* SongViewModel.swift */; };
		18F4D10022670CD300A5E73B /* Reachability.swift in Sources */ = {isa = PBXBuildFile; fileRef = 18F4D0FF22670CD300A5E73B /* Reachability.swift */; };
		D96380976FEB51821E35B910 /* Pods_PFA.framework in Frameworks */ = {isa = PBXBuildFile; fileRef = F1C418C3FC62475E1FA25F94 /* Pods_PFA.framework */; };
/* End PBXBuildFile section */

/* Begin PBXFileReference section */
		180F6686225F4F3E00BCFA65 /* PFA.app */ = {isa = PBXFileReference; explicitFileType = wrapper.application; includeInIndex = 0; path = PFA.app; sourceTree = BUILT_PRODUCTS_DIR; };
		180F6689225F4F3E00BCFA65 /* AppDelegate.swift */ = {isa = PBXFileReference; lastKnownFileType = sourcecode.swift; path = AppDelegate.swift; sourceTree = "<group>"; };
		180F668B225F4F3E00BCFA65 /* ViewController.swift */ = {isa = PBXFileReference; lastKnownFileType = sourcecode.swift; path = ViewController.swift; sourceTree = "<group>"; };
		180F668E225F4F3E00BCFA65 /* Base */ = {isa = PBXFileReference; lastKnownFileType = file.storyboard; name = Base; path = Base.lproj/Main.storyboard; sourceTree = "<group>"; };
		180F6690225F4F4000BCFA65 /* Assets.xcassets */ = {isa = PBXFileReference; lastKnownFileType = folder.assetcatalog; path = Assets.xcassets; sourceTree = "<group>"; };
		180F6693225F4F4000BCFA65 /* Base */ = {isa = PBXFileReference; lastKnownFileType = file.storyboard; name = Base; path = Base.lproj/LaunchScreen.storyboard; sourceTree = "<group>"; };
		180F6695225F4F4000BCFA65 /* Info.plist */ = {isa = PBXFileReference; lastKnownFileType = text.plist.xml; path = Info.plist; sourceTree = "<group>"; };
		180F669B2260A96F00BCFA65 /* SongViewController.swift */ = {isa = PBXFileReference; lastKnownFileType = sourcecode.swift; path = SongViewController.swift; sourceTree = "<group>"; };
		18109AE2226202320029516D /* MusicTableViewCell.swift */ = {isa = PBXFileReference; lastKnownFileType = sourcecode.swift; path = MusicTableViewCell.swift; sourceTree = "<group>"; };
		18109AE42262039E0029516D /* App.swift */ = {isa = PBXFileReference; lastKnownFileType = sourcecode.swift; path = App.swift; sourceTree = "<group>"; };
		18109AE6226205B30029516D /* NetworkProcessor.swift */ = {isa = PBXFileReference; lastKnownFileType = sourcecode.swift; path = NetworkProcessor.swift; sourceTree = "<group>"; };
		18109AE82262061C0029516D /* AppStoreEndpoint.swift */ = {isa = PBXFileReference; lastKnownFileType = sourcecode.swift; path = AppStoreEndpoint.swift; sourceTree = "<group>"; };
		18109AEA2262065A0029516D /* AppStoreClient.swift */ = {isa = PBXFileReference; lastKnownFileType = sourcecode.swift; path = AppStoreClient.swift; sourceTree = "<group>"; };
		181DD1FB2265DA570099B4EA /* HalfModelPresentationController.swift */ = {isa = PBXFileReference; lastKnownFileType = sourcecode.swift; path = HalfModelPresentationController.swift; sourceTree = "<group>"; };
		1827E64C2267185300E15334 /* HalfModalInteractiveTransition.swift */ = {isa = PBXFileReference; lastKnownFileType = sourcecode.swift; path = HalfModalInteractiveTransition.swift; sourceTree = "<group>"; };
		1827E64E2267187000E15334 /* HalfModalTransitionAnimator.swift */ = {isa = PBXFileReference; lastKnownFileType = sourcecode.swift; path = HalfModalTransitionAnimator.swift; sourceTree = "<group>"; };
		1827E6502267188E00E15334 /* HalfModalTransitioningDelegate.swift */ = {isa = PBXFileReference; lastKnownFileType = sourcecode.swift; path = HalfModalTransitioningDelegate.swift; sourceTree = "<group>"; };
		1846DB1B2266B78E001C0785 /* DynamicValue.swift */ = {isa = PBXFileReference; lastKnownFileType = sourcecode.swift; path = DynamicValue.swift; sourceTree = "<group>"; };
		1846DB1E2266B997001C0785 /* SongDataSource.swift */ = {isa = PBXFileReference; lastKnownFileType = sourcecode.swift; path = SongDataSource.swift; sourceTree = "<group>"; };
		1846DB202266BB55001C0785 /* SongViewModel.swift */ = {isa = PBXFileReference; lastKnownFileType = sourcecode.swift; path = SongViewModel.swift; sourceTree = "<group>"; };
		18F4D0FF22670CD300A5E73B /* Reachability.swift */ = {isa = PBXFileReference; lastKnownFileType = sourcecode.swift; path = Reachability.swift; sourceTree = "<group>"; };
		9B2AE807B89F75C55B6C547D /* Pods-PFA.debug.xcconfig */ = {isa = PBXFileReference; includeInIndex = 1; lastKnownFileType = text.xcconfig; name = "Pods-PFA.debug.xcconfig"; path = "Target Support Files/Pods-PFA/Pods-PFA.debug.xcconfig"; sourceTree = "<group>"; };
		C81ABD71AF26D79B8C85EBAE /* Pods-PFA.release.xcconfig */ = {isa = PBXFileReference; includeInIndex = 1; lastKnownFileType = text.xcconfig; name = "Pods-PFA.release.xcconfig"; path = "Target Support Files/Pods-PFA/Pods-PFA.release.xcconfig"; sourceTree = "<group>"; };
		F1C418C3FC62475E1FA25F94 /* Pods_PFA.framework */ = {isa = PBXFileReference; explicitFileType = wrapper.framework; includeInIndex = 0; path = Pods_PFA.framework; sourceTree = BUILT_PRODUCTS_DIR; };
/* End PBXFileReference section */

/* Begin PBXFrameworksBuildPhase section */
		180F6683225F4F3E00BCFA65 /* Frameworks */ = {
			isa = PBXFrameworksBuildPhase;
			buildActionMask = 2147483647;
			files = (
				D96380976FEB51821E35B910 /* Pods_PFA.framework in Frameworks */,
			);
			runOnlyForDeploymentPostprocessing = 0;
		};
/* End PBXFrameworksBuildPhase section */

/* Begin PBXGroup section */
		0BFFE1F27ABA873D01162F05 /* Pods */ = {
			isa = PBXGroup;
			children = (
				9B2AE807B89F75C55B6C547D /* Pods-PFA.debug.xcconfig */,
				C81ABD71AF26D79B8C85EBAE /* Pods-PFA.release.xcconfig */,
			);
			path = Pods;
			sourceTree = "<group>";
		};
		180F667D225F4F3E00BCFA65 = {
			isa = PBXGroup;
			children = (
				180F6688225F4F3E00BCFA65 /* PFA */,
				180F6687225F4F3E00BCFA65 /* Products */,
				0BFFE1F27ABA873D01162F05 /* Pods */,
				9D58B3784F409B2DDC9CB152 /* Frameworks */,
			);
			sourceTree = "<group>";
		};
		180F6687225F4F3E00BCFA65 /* Products */ = {
			isa = PBXGroup;
			children = (
				180F6686225F4F3E00BCFA65 /* PFA.app */,
			);
			name = Products;
			sourceTree = "<group>";
		};
		180F6688225F4F3E00BCFA65 /* PFA */ = {
			isa = PBXGroup;
			children = (
				1827E64B2267184000E15334 /* transition */,
				1846DB1D2266B944001C0785 /* viewmodel */,
				181DD218226677EE0099B4EA /* presentation */,
				181DD217226677E10099B4EA /* api */,
				181DD216226677CD0099B4EA /* view */,
				181DD215226677B30099B4EA /* controller */,
				181DD214226677AA0099B4EA /* model */,
				180F6689225F4F3E00BCFA65 /* AppDelegate.swift */,
				180F6690225F4F4000BCFA65 /* Assets.xcassets */,
				180F6692225F4F4000BCFA65 /* LaunchScreen.storyboard */,
				180F6695225F4F4000BCFA65 /* Info.plist */,
			);
			path = PFA;
			sourceTree = "<group>";
		};
		181DD214226677AA0099B4EA /* model */ = {
			isa = PBXGroup;
			children = (
				18109AE42262039E0029516D /* App.swift */,
				1846DB1B2266B78E001C0785 /* DynamicValue.swift */,
				18F4D0FF22670CD300A5E73B /* Reachability.swift */,
			);
			path = model;
			sourceTree = "<group>";
		};
		181DD215226677B30099B4EA /* controller */ = {
			isa = PBXGroup;
			children = (
				180F669B2260A96F00BCFA65 /* SongViewController.swift */,
				180F668B225F4F3E00BCFA65 /* ViewController.swift */,
			);
			path = controller;
			sourceTree = "<group>";
		};
		181DD216226677CD0099B4EA /* view */ = {
			isa = PBXGroup;
			children = (
				180F668D225F4F3E00BCFA65 /* Main.storyboard */,
				18109AE2226202320029516D /* MusicTableViewCell.swift */,
			);
			path = view;
			sourceTree = "<group>";
		};
		181DD217226677E10099B4EA /* api */ = {
			isa = PBXGroup;
			children = (
				18109AE82262061C0029516D /* AppStoreEndpoint.swift */,
				18109AEA2262065A0029516D /* AppStoreClient.swift */,
				18109AE6226205B30029516D /* NetworkProcessor.swift */,
			);
			path = api;
			sourceTree = "<group>";
		};
		181DD218226677EE0099B4EA /* presentation */ = {
			isa = PBXGroup;
			children = (
				181DD1FB2265DA570099B4EA /* HalfModelPresentationController.swift */,
			);
			path = presentation;
			sourceTree = "<group>";
		};
		1827E64B2267184000E15334 /* transition */ = {
			isa = PBXGroup;
			children = (
				1827E64C2267185300E15334 /* HalfModalInteractiveTransition.swift */,
				1827E64E2267187000E15334 /* HalfModalTransitionAnimator.swift */,
				1827E6502267188E00E15334 /* HalfModalTransitioningDelegate.swift */,
			);
			path = transition;
			sourceTree = "<group>";
		};
		1846DB1D2266B944001C0785 /* viewmodel */ = {
			isa = PBXGroup;
			children = (
				1846DB1E2266B997001C0785 /* SongDataSource.swift */,
				1846DB202266BB55001C0785 /* SongViewModel.swift */,
			);
			path = viewmodel;
			sourceTree = "<group>";
		};
		9D58B3784F409B2DDC9CB152 /* Frameworks */ = {
			isa = PBXGroup;
			children = (
				F1C418C3FC62475E1FA25F94 /* Pods_PFA.framework */,
			);
			name = Frameworks;
			sourceTree = "<group>";
		};
/* End PBXGroup section */

/* Begin PBXNativeTarget section */
		180F6685225F4F3E00BCFA65 /* PFA */ = {
			isa = PBXNativeTarget;
			buildConfigurationList = 180F6698225F4F4000BCFA65 /* Build configuration list for PBXNativeTarget "PFA" */;
			buildPhases = (
				A087430B13CAE35334371047 /* [CP] Check Pods Manifest.lock */,
				180F6682225F4F3E00BCFA65 /* Sources */,
				180F6683225F4F3E00BCFA65 /* Frameworks */,
				180F6684225F4F3E00BCFA65 /* Resources */,
				3A93FA9B83E64B6836D59351 /* [CP] Embed Pods Frameworks */,
			);
			buildRules = (
			);
			dependencies = (
			);
			name = PFA;
			productName = PFA;
			productReference = 180F6686225F4F3E00BCFA65 /* PFA.app */;
			productType = "com.apple.product-type.application";
		};
/* End PBXNativeTarget section */

/* Begin PBXProject section */
		180F667E225F4F3E00BCFA65 /* Project object */ = {
			isa = PBXProject;
			attributes = {
				LastSwiftUpdateCheck = 1010;
				LastUpgradeCheck = 1010;
				ORGANIZATIONNAME = Apple;
				TargetAttributes = {
					180F6685225F4F3E00BCFA65 = {
						CreatedOnToolsVersion = 10.1;
					};
				};
			};
			buildConfigurationList = 180F6681225F4F3E00BCFA65 /* Build configuration list for PBXProject "PFA" */;
			compatibilityVersion = "Xcode 9.3";
			developmentRegion = en;
			hasScannedForEncodings = 0;
			knownRegions = (
				en,
				Base,
			);
			mainGroup = 180F667D225F4F3E00BCFA65;
			productRefGroup = 180F6687225F4F3E00BCFA65 /* Products */;
			projectDirPath = "";
			projectRoot = "";
			targets = (
				180F6685225F4F3E00BCFA65 /* PFA */,
			);
		};
/* End PBXProject section */

/* Begin PBXResourcesBuildPhase section */
		180F6684225F4F3E00BCFA65 /* Resources */ = {
			isa = PBXResourcesBuildPhase;
			buildActionMask = 2147483647;
			files = (
				180F6694225F4F4000BCFA65 /* LaunchScreen.storyboard in Resources */,
				180F6691225F4F4000BCFA65 /* Assets.xcassets in Resources */,
				180F668F225F4F3E00BCFA65 /* Main.storyboard in Resources */,
			);
			runOnlyForDeploymentPostprocessing = 0;
		};
/* End PBXResourcesBuildPhase section */

/* Begin PBXShellScriptBuildPhase section */
		3A93FA9B83E64B6836D59351 /* [CP] Embed Pods Frameworks */ = {
			isa = PBXShellScriptBuildPhase;
			buildActionMask = 2147483647;
			files = (
			);
			inputFileListPaths = (
			);
			inputPaths = (
				"${PODS_ROOT}/Target Support Files/Pods-PFA/Pods-PFA-frameworks.sh",
				"${BUILT_PRODUCTS_DIR}/SDWebImage/SDWebImage.framework",
			);
			name = "[CP] Embed Pods Frameworks";
			outputFileListPaths = (
			);
			outputPaths = (
				"${TARGET_BUILD_DIR}/${FRAMEWORKS_FOLDER_PATH}/SDWebImage.framework",
			);
			runOnlyForDeploymentPostprocessing = 0;
			shellPath = /bin/sh;
			shellScript = "\"${PODS_ROOT}/Target Support Files/Pods-PFA/Pods-PFA-frameworks.sh\"\n";
			showEnvVarsInLog = 0;
		};
		A087430B13CAE35334371047 /* [CP] Check Pods Manifest.lock */ = {
			isa = PBXShellScriptBuildPhase;
			buildActionMask = 2147483647;
			files = (
			);
			inputFileListPaths = (
			);
			inputPaths = (
				"${PODS_PODFILE_DIR_PATH}/Podfile.lock",
				"${PODS_ROOT}/Manifest.lock",
			);
			name = "[CP] Check Pods Manifest.lock";
			outputFileListPaths = (
			);
			outputPaths = (
				"$(DERIVED_FILE_DIR)/Pods-PFA-checkManifestLockResult.txt",
			);
			runOnlyForDeploymentPostprocessing = 0;
			shellPath = /bin/sh;
			shellScript = "diff \"${PODS_PODFILE_DIR_PATH}/Podfile.lock\" \"${PODS_ROOT}/Manifest.lock\" > /dev/null\nif [ $? != 0 ] ; then\n    # print error to STDERR\n    echo \"error: The sandbox is not in sync with the Podfile.lock. Run 'pod install' or update your CocoaPods installation.\" >&2\n    exit 1\nfi\n# This output is used by Xcode 'outputs' to avoid re-running this script phase.\necho \"SUCCESS\" > \"${SCRIPT_OUTPUT_FILE_0}\"\n";
			showEnvVarsInLog = 0;
		};
/* End PBXShellScriptBuildPhase section */

/* Begin PBXSourcesBuildPhase section */
		180F6682225F4F3E00BCFA65 /* Sources */ = {
			isa = PBXSourcesBuildPhase;
			buildActionMask = 2147483647;
			files = (
				18109AE92262061C0029516D /* AppStoreEndpoint.swift in Sources */,
				18109AE3226202320029516D /* MusicTableViewCell.swift in Sources */,
				1846DB212266BB55001C0785 /* SongViewModel.swift in Sources */,
				1846DB1C2266B78E001C0785 /* DynamicValue.swift in Sources */,
				18109AE7226205B30029516D /* NetworkProcessor.swift in Sources */,
				1846DB1F2266B997001C0785 /* SongDataSource.swift in Sources */,
				1827E64D2267185300E15334 /* HalfModalInteractiveTransition.swift in Sources */,
				18109AEB2262065A0029516D /* AppStoreClient.swift in Sources */,
				1827E64F2267187000E15334 /* HalfModalTransitionAnimator.swift in Sources */,
				180F669C2260A96F00BCFA65 /* SongViewController.swift in Sources */,
				181DD1FC2265DA570099B4EA /* HalfModelPresentationController.swift in Sources */,
				1827E6512267188E00E15334 /* HalfModalTransitioningDelegate.swift in Sources */,
				18109AE52262039E0029516D /* App.swift in Sources */,
				180F668C225F4F3E00BCFA65 /* ViewController.swift in Sources */,
				18F4D10022670CD300A5E73B /* Reachability.swift in Sources */,
				180F668A225F4F3E00BCFA65 /* AppDelegate.swift in Sources */,
			);
			runOnlyForDeploymentPostprocessing = 0;
		};
/* End PBXSourcesBuildPhase section */

/* Begin PBXVariantGroup section */
		180F668D225F4F3E00BCFA65 /* Main.storyboard */ = {
			isa = PBXVariantGroup;
			children = (
				180F668E225F4F3E00BCFA65 /* Base */,
			);
			name = Main.storyboard;
			sourceTree = "<group>";
		};
		180F6692225F4F4000BCFA65 /* LaunchScreen.storyboard */ = {
			isa = PBXVariantGroup;
			children = (
				180F6693225F4F4000BCFA65 /* Base */,
			);
			name = LaunchScreen.storyboard;
			sourceTree = "<group>";
		};
/* End PBXVariantGroup section */

/* Begin XCBuildConfiguration section */
		180F6696225F4F4000BCFA65 /* Debug */ = {
			isa = XCBuildConfiguration;
			buildSettings = {
				ALWAYS_SEARCH_USER_PATHS = NO;
				CLANG_ANALYZER_NONNULL = YES;
				CLANG_ANALYZER_NUMBER_OBJECT_CONVERSION = YES_AGGRESSIVE;
				CLANG_CXX_LANGUAGE_STANDARD = "gnu++14";
				CLANG_CXX_LIBRARY = "libc++";
				CLANG_ENABLE_MODULES = YES;
				CLANG_ENABLE_OBJC_ARC = YES;
				CLANG_ENABLE_OBJC_WEAK = YES;
				CLANG_WARN_BLOCK_CAPTURE_AUTORELEASING = YES;
				CLANG_WARN_BOOL_CONVERSION = YES;
				CLANG_WARN_COMMA = YES;
				CLANG_WARN_CONSTANT_CONVERSION = YES;
				CLANG_WARN_DEPRECATED_OBJC_IMPLEMENTATIONS = YES;
				CLANG_WARN_DIRECT_OBJC_ISA_USAGE = YES_ERROR;
				CLANG_WARN_DOCUMENTATION_COMMENTS = YES;
				CLANG_WARN_EMPTY_BODY = YES;
				CLANG_WARN_ENUM_CONVERSION = YES;
				CLANG_WARN_INFINITE_RECURSION = YES;
				CLANG_WARN_INT_CONVERSION = YES;
				CLANG_WARN_NON_LITERAL_NULL_CONVERSION = YES;
				CLANG_WARN_OBJC_IMPLICIT_RETAIN_SELF = YES;
				CLANG_WARN_OBJC_LITERAL_CONVERSION = YES;
				CLANG_WARN_OBJC_ROOT_CLASS = YES_ERROR;
				CLANG_WARN_RANGE_LOOP_ANALYSIS = YES;
				CLANG_WARN_STRICT_PROTOTYPES = YES;
				CLANG_WARN_SUSPICIOUS_MOVE = YES;
				CLANG_WARN_UNGUARDED_AVAILABILITY = YES_AGGRESSIVE;
				CLANG_WARN_UNREACHABLE_CODE = YES;
				CLANG_WARN__DUPLICATE_METHOD_MATCH = YES;
				CODE_SIGN_IDENTITY = "iPhone Developer";
				COPY_PHASE_STRIP = NO;
				DEBUG_INFORMATION_FORMAT = dwarf;
				ENABLE_STRICT_OBJC_MSGSEND = YES;
				ENABLE_TESTABILITY = YES;
				GCC_C_LANGUAGE_STANDARD = gnu11;
				GCC_DYNAMIC_NO_PIC = NO;
				GCC_NO_COMMON_BLOCKS = YES;
				GCC_OPTIMIZATION_LEVEL = 0;
				GCC_PREPROCESSOR_DEFINITIONS = (
					"DEBUG=1",
					"$(inherited)",
				);
				GCC_WARN_64_TO_32_BIT_CONVERSION = YES;
				GCC_WARN_ABOUT_RETURN_TYPE = YES_ERROR;
				GCC_WARN_UNDECLARED_SELECTOR = YES;
				GCC_WARN_UNINITIALIZED_AUTOS = YES_AGGRESSIVE;
				GCC_WARN_UNUSED_FUNCTION = YES;
				GCC_WARN_UNUSED_VARIABLE = YES;
				IPHONEOS_DEPLOYMENT_TARGET = 12.1;
				MTL_ENABLE_DEBUG_INFO = INCLUDE_SOURCE;
				MTL_FAST_MATH = YES;
				ONLY_ACTIVE_ARCH = YES;
				SDKROOT = iphoneos;
				SWIFT_ACTIVE_COMPILATION_CONDITIONS = DEBUG;
				SWIFT_OPTIMIZATION_LEVEL = "-Onone";
			};
			name = Debug;
		};
		180F6697225F4F4000BCFA65 /* Release */ = {
			isa = XCBuildConfiguration;
			buildSettings = {
				ALWAYS_SEARCH_USER_PATHS = NO;
				CLANG_ANALYZER_NONNULL = YES;
				CLANG_ANALYZER_NUMBER_OBJECT_CONVERSION = YES_AGGRESSIVE;
				CLANG_CXX_LANGUAGE_STANDARD = "gnu++14";
				CLANG_CXX_LIBRARY = "libc++";
				CLANG_ENABLE_MODULES = YES;
				CLANG_ENABLE_OBJC_ARC = YES;
				CLANG_ENABLE_OBJC_WEAK = YES;
				CLANG_WARN_BLOCK_CAPTURE_AUTORELEASING = YES;
				CLANG_WARN_BOOL_CONVERSION = YES;
				CLANG_WARN_COMMA = YES;
				CLANG_WARN_CONSTANT_CONVERSION = YES;
				CLANG_WARN_DEPRECATED_OBJC_IMPLEMENTATIONS = YES;
				CLANG_WARN_DIRECT_OBJC_ISA_USAGE = YES_ERROR;
				CLANG_WARN_DOCUMENTATION_COMMENTS = YES;
				CLANG_WARN_EMPTY_BODY = YES;
				CLANG_WARN_ENUM_CONVERSION = YES;
				CLANG_WARN_INFINITE_RECURSION = YES;
				CLANG_WARN_INT_CONVERSION = YES;
				CLANG_WARN_NON_LITERAL_NULL_CONVERSION = YES;
				CLANG_WARN_OBJC_IMPLICIT_RETAIN_SELF = YES;
				CLANG_WARN_OBJC_LITERAL_CONVERSION = YES;
				CLANG_WARN_OBJC_ROOT_CLASS = YES_ERROR;
				CLANG_WARN_RANGE_LOOP_ANALYSIS = YES;
				CLANG_WARN_STRICT_PROTOTYPES = YES;
				CLANG_WARN_SUSPICIOUS_MOVE = YES;
				CLANG_WARN_UNGUARDED_AVAILABILITY = YES_AGGRESSIVE;
				CLANG_WARN_UNREACHABLE_CODE = YES;
				CLANG_WARN__DUPLICATE_METHOD_MATCH = YES;
				CODE_SIGN_IDENTITY = "iPhone Developer";
				COPY_PHASE_STRIP = NO;
				DEBUG_INFORMATION_FORMAT = "dwarf-with-dsym";
				ENABLE_NS_ASSERTIONS = NO;
				ENABLE_STRICT_OBJC_MSGSEND = YES;
				GCC_C_LANGUAGE_STANDARD = gnu11;
				GCC_NO_COMMON_BLOCKS = YES;
				GCC_WARN_64_TO_32_BIT_CONVERSION = YES;
				GCC_WARN_ABOUT_RETURN_TYPE = YES_ERROR;
				GCC_WARN_UNDECLARED_SELECTOR = YES;
				GCC_WARN_UNINITIALIZED_AUTOS = YES_AGGRESSIVE;
				GCC_WARN_UNUSED_FUNCTION = YES;
				GCC_WARN_UNUSED_VARIABLE = YES;
				IPHONEOS_DEPLOYMENT_TARGET = 12.1;
				MTL_ENABLE_DEBUG_INFO = NO;
				MTL_FAST_MATH = YES;
				SDKROOT = iphoneos;
				SWIFT_COMPILATION_MODE = wholemodule;
				SWIFT_OPTIMIZATION_LEVEL = "-O";
				VALIDATE_PRODUCT = YES;
			};
			name = Release;
		};
		180F6699225F4F4000BCFA65 /* Debug */ = {
			isa = XCBuildConfiguration;
			baseConfigurationReference = 9B2AE807B89F75C55B6C547D /* Pods-PFA.debug.xcconfig */;
			buildSettings = {
				ASSETCATALOG_COMPILER_APPICON_NAME = AppIcon;
				CODE_SIGN_STYLE = Automatic;
				INFOPLIST_FILE = PFA/Info.plist;
				LD_RUNPATH_SEARCH_PATHS = (
					"$(inherited)",
					"@executable_path/Frameworks",
				);
				PRODUCT_BUNDLE_IDENTIFIER = in.grappus.PFA;
				PRODUCT_NAME = "$(TARGET_NAME)";
				SWIFT_VERSION = 4.2;
				TARGETED_DEVICE_FAMILY = "1,2";
			};
			name = Debug;
		};
		180F669A225F4F4000BCFA65 /* Release */ = {
			isa = XCBuildConfiguration;
			baseConfigurationReference = C81ABD71AF26D79B8C85EBAE /* Pods-PFA.release.xcconfig */;
			buildSettings = {
				ASSETCATALOG_COMPILER_APPICON_NAME = AppIcon;
				CODE_SIGN_STYLE = Automatic;
				INFOPLIST_FILE = PFA/Info.plist;
				LD_RUNPATH_SEARCH_PATHS = (
					"$(inherited)",
					"@executable_path/Frameworks",
				);
				PRODUCT_BUNDLE_IDENTIFIER = in.grappus.PFA;
				PRODUCT_NAME = "$(TARGET_NAME)";
				SWIFT_VERSION = 4.2;
				TARGETED_DEVICE_FAMILY = "1,2";
			};
			name = Release;
		};
/* End XCBuildConfiguration section */

/* Begin XCConfigurationList section */
		180F6681225F4F3E00BCFA65 /* Build configuration list for PBXProject "PFA" */ = {
			isa = XCConfigurationList;
			buildConfigurations = (
				180F6696225F4F4000BCFA65 /* Debug */,
				180F6697225F4F4000BCFA65 /* Release */,
			);
			defaultConfigurationIsVisible = 0;
			defaultConfigurationName = Release;
		};
		180F6698225F4F4000BCFA65 /* Build configuration list for PBXNativeTarget "PFA" */ = {
			isa = XCConfigurationList;
			buildConfigurations = (
				180F6699225F4F4000BCFA65 /* Debug */,
				180F669A225F4F4000BCFA65 /* Release */,
			);
			defaultConfigurationIsVisible = 0;
			defaultConfigurationName = Release;
		};
/* End XCConfigurationList section */
	};
	rootObject = 180F667E225F4F3E00BCFA65 /* Project object */;
}
